// !$*UTF8*$!
{
	archiveVersion = 1;
	classes = {
	};
	objectVersion = 46;
	objects = {

/* Begin PBXBuildFile section */
		3097E070421617B71863A72E /* GGDraggableView.m in Sources */ = {isa = PBXBuildFile; fileRef = 3097ED2DFA3F142426FCB983 /* GGDraggableView.m */; };
		3097E103B25AC84874CF8914 /* bar@2x.png in Resources */ = {isa = PBXBuildFile; fileRef = 3097E42F3347B366F820E2BE /* bar@2x.png */; };
		3097E5513D0B1042F48DC7D2 /* GGView.m in Sources */ = {isa = PBXBuildFile; fileRef = 3097ECFDFEB60A489C7C3045 /* GGView.m */; };
		3097E888C9D05B50ACCAC918 /* trollface_300x200@2x.png in Resources */ = {isa = PBXBuildFile; fileRef = 3097ED200904B26C93504100 /* trollface_300x200@2x.png */; };
		3097E9B38DFC38A07F22DEB2 /* thumbs_up_300x300@2x.png in Resources */ = {isa = PBXBuildFile; fileRef = 3097E8816E477D6DF94230B5 /* thumbs_up_300x300@2x.png */; };
		3097EF04FECAB8AFEC8B1B3A /* GGOverlayView.m in Sources */ = {isa = PBXBuildFile; fileRef = 3097E9F589737892FFCA70F0 /* GGOverlayView.m */; };
		CCD535EF1889D55400146C68 /* Foundation.framework in Frameworks */ = {isa = PBXBuildFile; fileRef = CCD535EE1889D55400146C68 /* Foundation.framework */; };
		CCD535F11889D55400146C68 /* CoreGraphics.framework in Frameworks */ = {isa = PBXBuildFile; fileRef = CCD535F01889D55400146C68 /* CoreGraphics.framework */; };
		CCD535F31889D55400146C68 /* UIKit.framework in Frameworks */ = {isa = PBXBuildFile; fileRef = CCD535F21889D55400146C68 /* UIKit.framework */; };
		CCD535F91889D55400146C68 /* InfoPlist.strings in Resources */ = {isa = PBXBuildFile; fileRef = CCD535F71889D55400146C68 /* InfoPlist.strings */; };
		CCD535FB1889D55400146C68 /* main.m in Sources */ = {isa = PBXBuildFile; fileRef = CCD535FA1889D55400146C68 /* main.m */; };
		CCD535FF1889D55400146C68 /* AppDelegate.m in Sources */ = {isa = PBXBuildFile; fileRef = CCD535FE1889D55400146C68 /* AppDelegate.m */; };
		CCD536021889D55400146C68 /* Main.storyboard in Resources */ = {isa = PBXBuildFile; fileRef = CCD536001889D55400146C68 /* Main.storyboard */; };
		CCD536051889D55400146C68 /* ViewController.m in Sources */ = {isa = PBXBuildFile; fileRef = CCD536041889D55400146C68 /* ViewController.m */; };
		CCD536071889D55400146C68 /* Images.xcassets in Resources */ = {isa = PBXBuildFile; fileRef = CCD536061889D55400146C68 /* Images.xcassets */; };
		CCD5360E1889D55400146C68 /* XCTest.framework in Frameworks */ = {isa = PBXBuildFile; fileRef = CCD5360D1889D55400146C68 /* XCTest.framework */; };
		CCD5360F1889D55400146C68 /* Foundation.framework in Frameworks */ = {isa = PBXBuildFile; fileRef = CCD535EE1889D55400146C68 /* Foundation.framework */; };
		CCD536101889D55400146C68 /* UIKit.framework in Frameworks */ = {isa = PBXBuildFile; fileRef = CCD535F21889D55400146C68 /* UIKit.framework */; };
		CCD536181889D55400146C68 /* InfoPlist.strings in Resources */ = {isa = PBXBuildFile; fileRef = CCD536161889D55400146C68 /* InfoPlist.strings */; };
		CCD5361A1889D55400146C68 /* TinderLikeAnimationsTests.m in Sources */ = {isa = PBXBuildFile; fileRef = CCD536191889D55400146C68 /* TinderLikeAnimationsTests.m */; };
/* End PBXBuildFile section */

/* Begin PBXContainerItemProxy section */
		CCD536111889D55400146C68 /* PBXContainerItemProxy */ = {
			isa = PBXContainerItemProxy;
			containerPortal = CCD535E31889D55400146C68 /* Project object */;
			proxyType = 1;
			remoteGlobalIDString = CCD535EA1889D55400146C68;
			remoteInfo = TinderLikeAnimations;
		};
/* End PBXContainerItemProxy section */

/* Begin PBXFileReference section */
		3097E42F3347B366F820E2BE /* bar@2x.png */ = {isa = PBXFileReference; lastKnownFileType = image.png; path = "bar@2x.png"; sourceTree = "<group>"; };
		3097E87A09F37B69F21F5395 /* GGOverlayView.h */ = {isa = PBXFileReference; fileEncoding = 4; lastKnownFileType = sourcecode.c.h; path = GGOverlayView.h; sourceTree = "<group>"; };
		3097E8816E477D6DF94230B5 /* thumbs_up_300x300@2x.png */ = {isa = PBXFileReference; lastKnownFileType = image.png; path = "thumbs_up_300x300@2x.png"; sourceTree = "<group>"; };
		3097E9F589737892FFCA70F0 /* GGOverlayView.m */ = {isa = PBXFileReference; fileEncoding = 4; lastKnownFileType = sourcecode.c.objc; path = GGOverlayView.m; sourceTree = "<group>"; };
		3097EB339D39FBACD5AA2FB3 /* GGDraggableView.h */ = {isa = PBXFileReference; fileEncoding = 4; lastKnownFileType = sourcecode.c.h; path = GGDraggableView.h; sourceTree = "<group>"; };
		3097EC8A68B3302DAF089C01 /* GGView.h */ = {isa = PBXFileReference; fileEncoding = 4; lastKnownFileType = sourcecode.c.h; path = GGView.h; sourceTree = "<group>"; };
		3097ECFDFEB60A489C7C3045 /* GGView.m */ = {isa = PBXFileReference; fileEncoding = 4; lastKnownFileType = sourcecode.c.objc; path = GGView.m; sourceTree = "<group>"; };
		3097ED200904B26C93504100 /* trollface_300x200@2x.png */ = {isa = PBXFileReference; lastKnownFileType = image.png; path = "trollface_300x200@2x.png"; sourceTree = "<group>"; };
		3097ED2DFA3F142426FCB983 /* GGDraggableView.m */ = {isa = PBXFileReference; fileEncoding = 4; lastKnownFileType = sourcecode.c.objc; path = GGDraggableView.m; sourceTree = "<group>"; };
		CCD535EB1889D55400146C68 /* TinderLikeAnimations.app */ = {isa = PBXFileReference; explicitFileType = wrapper.application; includeInIndex = 0; path = TinderLikeAnimations.app; sourceTree = BUILT_PRODUCTS_DIR; };
		CCD535EE1889D55400146C68 /* Foundation.framework */ = {isa = PBXFileReference; lastKnownFileType = wrapper.framework; name = Foundation.framework; path = System/Library/Frameworks/Foundation.framework; sourceTree = SDKROOT; };
		CCD535F01889D55400146C68 /* CoreGraphics.framework */ = {isa = PBXFileReference; lastKnownFileType = wrapper.framework; name = CoreGraphics.framework; path = System/Library/Frameworks/CoreGraphics.framework; sourceTree = SDKROOT; };
		CCD535F21889D55400146C68 /* UIKit.framework */ = {isa = PBXFileReference; lastKnownFileType = wrapper.framework; name = UIKit.framework; path = System/Library/Frameworks/UIKit.framework; sourceTree = SDKROOT; };
		CCD535F61889D55400146C68 /* TinderLikeAnimations-Info.plist */ = {isa = PBXFileReference; lastKnownFileType = text.plist.xml; path = "TinderLikeAnimations-Info.plist"; sourceTree = "<group>"; };
		CCD535F81889D55400146C68 /* en */ = {isa = PBXFileReference; lastKnownFileType = text.plist.strings; name = en; path = en.lproj/InfoPlist.strings; sourceTree = "<group>"; };
		CCD535FA1889D55400146C68 /* main.m */ = {isa = PBXFileReference; lastKnownFileType = sourcecode.c.objc; path = main.m; sourceTree = "<group>"; };
		CCD535FC1889D55400146C68 /* TinderLikeAnimations-Prefix.pch */ = {isa = PBXFileReference; lastKnownFileType = sourcecode.c.h; path = "TinderLikeAnimations-Prefix.pch"; sourceTree = "<group>"; };
		CCD535FD1889D55400146C68 /* AppDelegate.h */ = {isa = PBXFileReference; lastKnownFileType = sourcecode.c.h; path = AppDelegate.h; sourceTree = "<group>"; };
		CCD535FE1889D55400146C68 /* AppDelegate.m */ = {isa = PBXFileReference; lastKnownFileType = sourcecode.c.objc; path = AppDelegate.m; sourceTree = "<group>"; };
		CCD536011889D55400146C68 /* Base */ = {isa = PBXFileReference; lastKnownFileType = file.storyboard; name = Base; path = Base.lproj/Main.storyboard; sourceTree = "<group>"; };
		CCD536031889D55400146C68 /* ViewController.h */ = {isa = PBXFileReference; lastKnownFileType = sourcecode.c.h; path = ViewController.h; sourceTree = "<group>"; };
		CCD536041889D55400146C68 /* ViewController.m */ = {isa = PBXFileReference; lastKnownFileType = sourcecode.c.objc; path = ViewController.m; sourceTree = "<group>"; };
		CCD536061889D55400146C68 /* Images.xcassets */ = {isa = PBXFileReference; lastKnownFileType = folder.assetcatalog; path = Images.xcassets; sourceTree = "<group>"; };
		CCD5360C1889D55400146C68 /* TinderLikeAnimationsTests.xctest */ = {isa = PBXFileReference; explicitFileType = wrapper.cfbundle; includeInIndex = 0; path = TinderLikeAnimationsTests.xctest; sourceTree = BUILT_PRODUCTS_DIR; };
		CCD5360D1889D55400146C68 /* XCTest.framework */ = {isa = PBXFileReference; lastKnownFileType = wrapper.framework; name = XCTest.framework; path = Library/Frameworks/XCTest.framework; sourceTree = DEVELOPER_DIR; };
		CCD536151889D55400146C68 /* TinderLikeAnimationsTests-Info.plist */ = {isa = PBXFileReference; lastKnownFileType = text.plist.xml; path = "TinderLikeAnimationsTests-Info.plist"; sourceTree = "<group>"; };
		CCD536171889D55400146C68 /* en */ = {isa = PBXFileReference; lastKnownFileType = text.plist.strings; name = en; path = en.lproj/InfoPlist.strings; sourceTree = "<group>"; };
		CCD536191889D55400146C68 /* TinderLikeAnimationsTests.m */ = {isa = PBXFileReference; lastKnownFileType = sourcecode.c.objc; path = TinderLikeAnimationsTests.m; sourceTree = "<group>"; };
/* End PBXFileReference section */

/* Begin PBXFrameworksBuildPhase section */
		CCD535E81889D55400146C68 /* Frameworks */ = {
			isa = PBXFrameworksBuildPhase;
			buildActionMask = 2147483647;
			files = (
				CCD535F11889D55400146C68 /* CoreGraphics.framework in Frameworks */,
				CCD535F31889D55400146C68 /* UIKit.framework in Frameworks */,
				CCD535EF1889D55400146C68 /* Foundation.framework in Frameworks */,
			);
			runOnlyForDeploymentPostprocessing = 0;
		};
		CCD536091889D55400146C68 /* Frameworks */ = {
			isa = PBXFrameworksBuildPhase;
			buildActionMask = 2147483647;
			files = (
				CCD5360E1889D55400146C68 /* XCTest.framework in Frameworks */,
				CCD536101889D55400146C68 /* UIKit.framework in Frameworks */,
				CCD5360F1889D55400146C68 /* Foundation.framework in Frameworks */,
			);
			runOnlyForDeploymentPostprocessing = 0;
		};
/* End PBXFrameworksBuildPhase section */

/* Begin PBXGroup section */
		3097E4AA193A1D6C857A82A5 /* images */ = {
			isa = PBXGroup;
			children = (
				3097E42F3347B366F820E2BE /* bar@2x.png */,
				3097E8816E477D6DF94230B5 /* thumbs_up_300x300@2x.png */,
				3097ED200904B26C93504100 /* trollface_300x200@2x.png */,
			);
			path = images;
			sourceTree = "<group>";
		};
		CCD535E21889D55400146C68 = {
			isa = PBXGroup;
			children = (
				CCD535F41889D55400146C68 /* TinderLikeAnimations */,
				CCD536131889D55400146C68 /* TinderLikeAnimationsTests */,
				CCD535ED1889D55400146C68 /* Frameworks */,
				CCD535EC1889D55400146C68 /* Products */,
			);
			sourceTree = "<group>";
		};
		CCD535EC1889D55400146C68 /* Products */ = {
			isa = PBXGroup;
			children = (
				CCD535EB1889D55400146C68 /* TinderLikeAnimations.app */,
				CCD5360C1889D55400146C68 /* TinderLikeAnimationsTests.xctest */,
			);
			name = Products;
			sourceTree = "<group>";
		};
		CCD535ED1889D55400146C68 /* Frameworks */ = {
			isa = PBXGroup;
			children = (
				CCD535EE1889D55400146C68 /* Foundation.framework */,
				CCD535F01889D55400146C68 /* CoreGraphics.framework */,
				CCD535F21889D55400146C68 /* UIKit.framework */,
				CCD5360D1889D55400146C68 /* XCTest.framework */,
			);
			name = Frameworks;
			sourceTree = "<group>";
		};
		CCD535F41889D55400146C68 /* TinderLikeAnimations */ = {
			isa = PBXGroup;
			children = (
				CCD535FD1889D55400146C68 /* AppDelegate.h */,
				CCD535FE1889D55400146C68 /* AppDelegate.m */,
				CCD536001889D55400146C68 /* Main.storyboard */,
				CCD536031889D55400146C68 /* ViewController.h */,
				CCD536041889D55400146C68 /* ViewController.m */,
				CCD536061889D55400146C68 /* Images.xcassets */,
				CCD535F51889D55400146C68 /* Supporting Files */,
				3097ECFDFEB60A489C7C3045 /* GGView.m */,
				3097EC8A68B3302DAF089C01 /* GGView.h */,
				3097ED2DFA3F142426FCB983 /* GGDraggableView.m */,
				3097EB339D39FBACD5AA2FB3 /* GGDraggableView.h */,
				3097E4AA193A1D6C857A82A5 /* images */,
				3097E9F589737892FFCA70F0 /* GGOverlayView.m */,
				3097E87A09F37B69F21F5395 /* GGOverlayView.h */,
			);
			path = TinderLikeAnimations;
			sourceTree = "<group>";
		};
		CCD535F51889D55400146C68 /* Supporting Files */ = {
			isa = PBXGroup;
			children = (
				CCD535F61889D55400146C68 /* TinderLikeAnimations-Info.plist */,
				CCD535F71889D55400146C68 /* InfoPlist.strings */,
				CCD535FA1889D55400146C68 /* main.m */,
				CCD535FC1889D55400146C68 /* TinderLikeAnimations-Prefix.pch */,
			);
			name = "Supporting Files";
			sourceTree = "<group>";
		};
		CCD536131889D55400146C68 /* TinderLikeAnimationsTests */ = {
			isa = PBXGroup;
			children = (
				CCD536191889D55400146C68 /* TinderLikeAnimationsTests.m */,
				CCD536141889D55400146C68 /* Supporting Files */,
			);
			path = TinderLikeAnimationsTests;
			sourceTree = "<group>";
		};
		CCD536141889D55400146C68 /* Supporting Files */ = {
			isa = PBXGroup;
			children = (
				CCD536151889D55400146C68 /* TinderLikeAnimationsTests-Info.plist */,
				CCD536161889D55400146C68 /* InfoPlist.strings */,
			);
			name = "Supporting Files";
			sourceTree = "<group>";
		};
/* End PBXGroup section */

/* Begin PBXNativeTarget section */
		CCD535EA1889D55400146C68 /* TinderLikeAnimations */ = {
			isa = PBXNativeTarget;
			buildConfigurationList = CCD5361D1889D55400146C68 /* Build configuration list for PBXNativeTarget "TinderLikeAnimations" */;
			buildPhases = (
				CCD535E71889D55400146C68 /* Sources */,
				CCD535E81889D55400146C68 /* Frameworks */,
				CCD535E91889D55400146C68 /* Resources */,
			);
			buildRules = (
			);
			dependencies = (
			);
			name = TinderLikeAnimations;
			productName = TinderLikeAnimations;
			productReference = CCD535EB1889D55400146C68 /* TinderLikeAnimations.app */;
			productType = "com.apple.product-type.application";
		};
		CCD5360B1889D55400146C68 /* TinderLikeAnimationsTests */ = {
			isa = PBXNativeTarget;
			buildConfigurationList = CCD536201889D55400146C68 /* Build configuration list for PBXNativeTarget "TinderLikeAnimationsTests" */;
			buildPhases = (
				CCD536081889D55400146C68 /* Sources */,
				CCD536091889D55400146C68 /* Frameworks */,
				CCD5360A1889D55400146C68 /* Resources */,
			);
			buildRules = (
			);
			dependencies = (
				CCD536121889D55400146C68 /* PBXTargetDependency */,
			);
			name = TinderLikeAnimationsTests;
			productName = TinderLikeAnimationsTests;
			productReference = CCD5360C1889D55400146C68 /* TinderLikeAnimationsTests.xctest */;
			productType = "com.apple.product-type.bundle.unit-test";
		};
/* End PBXNativeTarget section */

/* Begin PBXProject section */
		CCD535E31889D55400146C68 /* Project object */ = {
			isa = PBXProject;
			attributes = {
				LastUpgradeCheck = 0500;
				ORGANIZATIONNAME = theguti.self;
				TargetAttributes = {
					CCD5360B1889D55400146C68 = {
						TestTargetID = CCD535EA1889D55400146C68;
					};
				};
			};
			buildConfigurationList = CCD535E61889D55400146C68 /* Build configuration list for PBXProject "TinderLikeAnimations" */;
			compatibilityVersion = "Xcode 3.2";
			developmentRegion = English;
			hasScannedForEncodings = 0;
			knownRegions = (
				en,
				Base,
			);
			mainGroup = CCD535E21889D55400146C68;
			productRefGroup = CCD535EC1889D55400146C68 /* Products */;
			projectDirPath = "";
			projectRoot = "";
			targets = (
				CCD535EA1889D55400146C68 /* TinderLikeAnimations */,
				CCD5360B1889D55400146C68 /* TinderLikeAnimationsTests */,
			);
		};
/* End PBXProject section */

/* Begin PBXResourcesBuildPhase section */
		CCD535E91889D55400146C68 /* Resources */ = {
			isa = PBXResourcesBuildPhase;
			buildActionMask = 2147483647;
			files = (
				CCD536071889D55400146C68 /* Images.xcassets in Resources */,
				CCD535F91889D55400146C68 /* InfoPlist.strings in Resources */,
				CCD536021889D55400146C68 /* Main.storyboard in Resources */,
				3097E103B25AC84874CF8914 /* bar@2x.png in Resources */,
				3097E9B38DFC38A07F22DEB2 /* thumbs_up_300x300@2x.png in Resources */,
				3097E888C9D05B50ACCAC918 /* trollface_300x200@2x.png in Resources */,
			);
			runOnlyForDeploymentPostprocessing = 0;
		};
		CCD5360A1889D55400146C68 /* Resources */ = {
			isa = PBXResourcesBuildPhase;
			buildActionMask = 2147483647;
			files = (
				CCD536181889D55400146C68 /* InfoPlist.strings in Resources */,
			);
			runOnlyForDeploymentPostprocessing = 0;
		};
/* End PBXResourcesBuildPhase section */

/* Begin PBXSourcesBuildPhase section */
		CCD535E71889D55400146C68 /* Sources */ = {
			isa = PBXSourcesBuildPhase;
			buildActionMask = 2147483647;
			files = (
				CCD536051889D55400146C68 /* ViewController.m in Sources */,
				CCD535FF1889D55400146C68 /* AppDelegate.m in Sources */,
				CCD535FB1889D55400146C68 /* main.m in Sources */,
				3097E5513D0B1042F48DC7D2 /* GGView.m in Sources */,
				3097E070421617B71863A72E /* GGDraggableView.m in Sources */,
				3097EF04FECAB8AFEC8B1B3A /* GGOverlayView.m in Sources */,
			);
			runOnlyForDeploymentPostprocessing = 0;
		};
		CCD536081889D55400146C68 /* Sources */ = {
			isa = PBXSourcesBuildPhase;
			buildActionMask = 2147483647;
			files = (
				CCD5361A1889D55400146C68 /* TinderLikeAnimationsTests.m in Sources */,
			);
			runOnlyForDeploymentPostprocessing = 0;
		};
/* End PBXSourcesBuildPhase section */

/* Begin PBXTargetDependency section */
		CCD536121889D55400146C68 /* PBXTargetDependency */ = {
			isa = PBXTargetDependency;
			target = CCD535EA1889D55400146C68 /* TinderLikeAnimations */;
			targetProxy = CCD536111889D55400146C68 /* PBXContainerItemProxy */;
		};
/* End PBXTargetDependency section */

/* Begin PBXVariantGroup section */
		CCD535F71889D55400146C68 /* InfoPlist.strings */ = {
			isa = PBXVariantGroup;
			children = (
				CCD535F81889D55400146C68 /* en */,
			);
			name = InfoPlist.strings;
			sourceTree = "<group>";
		};
		CCD536001889D55400146C68 /* Main.storyboard */ = {
			isa = PBXVariantGroup;
			children = (
				CCD536011889D55400146C68 /* Base */,
			);
			name = Main.storyboard;
			sourceTree = "<group>";
		};
		CCD536161889D55400146C68 /* InfoPlist.strings */ = {
			isa = PBXVariantGroup;
			children = (
				CCD536171889D55400146C68 /* en */,
			);
			name = InfoPlist.strings;
			sourceTree = "<group>";
		};
/* End PBXVariantGroup section */

/* Begin XCBuildConfiguration section */
		CCD5361B1889D55400146C68 /* Debug */ = {
			isa = XCBuildConfiguration;
			buildSettings = {
				ALWAYS_SEARCH_USER_PATHS = NO;
				ARCHS = "$(ARCHS_STANDARD_INCLUDING_64_BIT)";
				CLANG_CXX_LANGUAGE_STANDARD = "gnu++0x";
				CLANG_CXX_LIBRARY = "libc++";
				CLANG_ENABLE_MODULES = YES;
				CLANG_ENABLE_OBJC_ARC = YES;
				CLANG_WARN_BOOL_CONVERSION = YES;
				CLANG_WARN_CONSTANT_CONVERSION = YES;
				CLANG_WARN_DIRECT_OBJC_ISA_USAGE = YES_ERROR;
				CLANG_WARN_EMPTY_BODY = YES;
				CLANG_WARN_ENUM_CONVERSION = YES;
				CLANG_WARN_INT_CONVERSION = YES;
				CLANG_WARN_OBJC_ROOT_CLASS = YES_ERROR;
				CLANG_WARN__DUPLICATE_METHOD_MATCH = YES;
				"CODE_SIGN_IDENTITY[sdk=iphoneos*]" = "iPhone Developer";
				COPY_PHASE_STRIP = NO;
				GCC_C_LANGUAGE_STANDARD = gnu99;
				GCC_DYNAMIC_NO_PIC = NO;
				GCC_OPTIMIZATION_LEVEL = 0;
				GCC_PREPROCESSOR_DEFINITIONS = (
					"DEBUG=1",
					"$(inherited)",
				);
				GCC_SYMBOLS_PRIVATE_EXTERN = NO;
				GCC_WARN_64_TO_32_BIT_CONVERSION = YES;
				GCC_WARN_ABOUT_RETURN_TYPE = YES_ERROR;
				GCC_WARN_UNDECLARED_SELECTOR = YES;
				GCC_WARN_UNINITIALIZED_AUTOS = YES;
				GCC_WARN_UNUSED_FUNCTION = YES;
				GCC_WARN_UNUSED_VARIABLE = YES;
				IPHONEOS_DEPLOYMENT_TARGET = 7.0;
				ONLY_ACTIVE_ARCH = YES;
				SDKROOT = iphoneos;
			};
			name = Debug;
		};
		CCD5361C1889D55400146C68 /* Release */ = {
			isa = XCBuildConfiguration;
			buildSettings = {
				ALWAYS_SEARCH_USER_PATHS = NO;
				ARCHS = "$(ARCHS_STANDARD_INCLUDING_64_BIT)";
				CLANG_CXX_LANGUAGE_STANDARD = "gnu++0x";
				CLANG_CXX_LIBRARY = "libc++";
				CLANG_ENABLE_MODULES = YES;
				CLANG_ENABLE_OBJC_ARC = YES;
				CLANG_WARN_BOOL_CONVERSION = YES;
				CLANG_WARN_CONSTANT_CONVERSION = YES;
				CLANG_WARN_DIRECT_OBJC_ISA_USAGE = YES_ERROR;
				CLANG_WARN_EMPTY_BODY = YES;
				CLANG_WARN_ENUM_CONVERSION = YES;
				CLANG_WARN_INT_CONVERSION = YES;
				CLANG_WARN_OBJC_ROOT_CLASS = YES_ERROR;
				CLANG_WARN__DUPLICATE_METHOD_MATCH = YES;
				"CODE_SIGN_IDENTITY[sdk=iphoneos*]" = "iPhone Developer";
				COPY_PHASE_STRIP = YES;
				ENABLE_NS_ASSERTIONS = NO;
				GCC_C_LANGUAGE_STANDARD = gnu99;
				GCC_WARN_64_TO_32_BIT_CONVERSION = YES;
				GCC_WARN_ABOUT_RETURN_TYPE = YES_ERROR;
				GCC_WARN_UNDECLARED_SELECTOR = YES;
				GCC_WARN_UNINITIALIZED_AUTOS = YES;
				GCC_WARN_UNUSED_FUNCTION = YES;
				GCC_WARN_UNUSED_VARIABLE = YES;
				IPHONEOS_DEPLOYMENT_TARGET = 7.0;
				SDKROOT = iphoneos;
				VALIDATE_PRODUCT = YES;
			};
			name = Release;
		};
		CCD5361E1889D55400146C68 /* Debug */ = {
			isa = XCBuildConfiguration;
			buildSettings = {
				ASSETCATALOG_COMPILER_APPICON_NAME = AppIcon;
				ASSETCATALOG_COMPILER_LAUNCHIMAGE_NAME = LaunchImage;
				GCC_PRECOMPILE_PREFIX_HEADER = YES;
				GCC_PREFIX_HEADER = "TinderLikeAnimations/TinderLikeAnimations-Prefix.pch";
				INFOPLIST_FILE = "TinderLikeAnimations/TinderLikeAnimations-Info.plist";
				PRODUCT_NAME = "$(TARGET_NAME)";
				WRAPPER_EXTENSION = app;
			};
			name = Debug;
		};
		CCD5361F1889D55400146C68 /* Release */ = {
			isa = XCBuildConfiguration;
			buildSettings = {
				ASSETCATALOG_COMPILER_APPICON_NAME = AppIcon;
				ASSETCATALOG_COMPILER_LAUNCHIMAGE_NAME = LaunchImage;
				GCC_PRECOMPILE_PREFIX_HEADER = YES;
				GCC_PREFIX_HEADER = "TinderLikeAnimations/TinderLikeAnimations-Prefix.pch";
				INFOPLIST_FILE = "TinderLikeAnimations/TinderLikeAnimations-Info.plist";
				PRODUCT_NAME = "$(TARGET_NAME)";
				WRAPPER_EXTENSION = app;
			};
			name = Release;
		};
		CCD536211889D55400146C68 /* Debug */ = {
			isa = XCBuildConfiguration;
			buildSettings = {
				ARCHS = "$(ARCHS_STANDARD_INCLUDING_64_BIT)";
				BUNDLE_LOADER = "$(BUILT_PRODUCTS_DIR)/TinderLikeAnimations.app/TinderLikeAnimations";
				FRAMEWORK_SEARCH_PATHS = (
					"$(SDKROOT)/Developer/Library/Frameworks",
					"$(inherited)",
					"$(DEVELOPER_FRAMEWORKS_DIR)",
				);
				GCC_PRECOMPILE_PREFIX_HEADER = YES;
				GCC_PREFIX_HEADER = "TinderLikeAnimations/TinderLikeAnimations-Prefix.pch";
				GCC_PREPROCESSOR_DEFINITIONS = (
					"DEBUG=1",
					"$(inherited)",
				);
				INFOPLIST_FILE = "TinderLikeAnimationsTests/TinderLikeAnimationsTests-Info.plist";
				PRODUCT_NAME = "$(TARGET_NAME)";
				TEST_HOST = "$(BUNDLE_LOADER)";
				WRAPPER_EXTENSION = xctest;
			};
			name = Debug;
		};
		CCD536221889D55400146C68 /* Release */ = {
			isa = XCBuildConfiguration;
			buildSettings = {
				ARCHS = "$(ARCHS_STANDARD_INCLUDING_64_BIT)";
				BUNDLE_LOADER = "$(BUILT_PRODUCTS_DIR)/TinderLikeAnimations.app/TinderLikeAnimations";
				FRAMEWORK_SEARCH_PATHS = (
					"$(SDKROOT)/Developer/Library/Frameworks",
					"$(inherited)",
					"$(DEVELOPER_FRAMEWORKS_DIR)",
				);
				GCC_PRECOMPILE_PREFIX_HEADER = YES;
				GCC_PREFIX_HEADER = "TinderLikeAnimations/TinderLikeAnimations-Prefix.pch";
				INFOPLIST_FILE = "TinderLikeAnimationsTests/TinderLikeAnimationsTests-Info.plist";
				PRODUCT_NAME = "$(TARGET_NAME)";
				TEST_HOST = "$(BUNDLE_LOADER)";
				WRAPPER_EXTENSION = xctest;
			};
			name = Release;
		};
/* End XCBuildConfiguration section */

/* Begin XCConfigurationList section */
		CCD535E61889D55400146C68 /* Build configuration list for PBXProject "TinderLikeAnimations" */ = {
			isa = XCConfigurationList;
			buildConfigurations = (
				CCD5361B1889D55400146C68 /* Debug */,
				CCD5361C1889D55400146C68 /* Release */,
			);
			defaultConfigurationIsVisible = 0;
			defaultConfigurationName = Release;
		};
		CCD5361D1889D55400146C68 /* Build configuration list for PBXNativeTarget "TinderLikeAnimations" */ = {
			isa = XCConfigurationList;
			buildConfigurations = (
				CCD5361E1889D55400146C68 /* Debug */,
				CCD5361F1889D55400146C68 /* Release */,
			);
			defaultConfigurationIsVisible = 0;
		};
		CCD536201889D55400146C68 /* Build configuration list for PBXNativeTarget "TinderLikeAnimationsTests" */ = {
			isa = XCConfigurationList;
			buildConfigurations = (
				CCD536211889D55400146C68 /* Debug */,
				CCD536221889D55400146C68 /* Release */,
			);
			defaultConfigurationIsVisible = 0;
		};
/* End XCConfigurationList section */
	};
	rootObject = CCD535E31889D55400146C68 /* Project object */;
}
